# This file is generated by running "yarn install" inside your project.
# Manual changes might be lost - proceed with caution!

__metadata:
  version: 4
  cacheKey: 5

"@actions/github@npm:^4.0.0":
  version: 4.0.0
  resolution: "@actions/github@npm:4.0.0"
  dependencies:
    "@actions/http-client": ^1.0.8
    "@octokit/core": ^3.0.0
    "@octokit/plugin-paginate-rest": ^2.2.3
    "@octokit/plugin-rest-endpoint-methods": ^4.0.0
  checksum: 49d606acd5b74a2f3e41c76d5a5d54341943e43b79cb94639c6c01d228263a4a287ac43d02d6c872336ab02962d0a7904b1a821bb5d5966498a78c954e34c3f2
  languageName: node
  linkType: hard

"@actions/http-client@npm:^1.0.8":
  version: 1.0.8
  resolution: "@actions/http-client@npm:1.0.8"
  dependencies:
    tunnel: 0.0.6
  checksum: e5b59315b93f2b1e3f45353a6fbf5869a9cef7e5b5cc79372084607069087e09af69a85745adefeca996c38470f04e2a781bed4ce42725798df0cdfd60565a58
  languageName: node
  linkType: hard

"@octokit/auth-token@npm:^2.4.0":
  version: 2.4.2
  resolution: "@octokit/auth-token@npm:2.4.2"
  dependencies:
    "@octokit/types": ^5.0.0
  checksum: e3347630bbe4d22409879ac6aa166675410cef4fb0ac3ca734d2ab6fa49abf100b28d2de9b5ad347790686fd8d41897a21bbeb2d01f46d6f9ab0faf760f10b83
  languageName: node
  linkType: hard

"@octokit/core@npm:^3.0.0":
  version: 3.1.2
  resolution: "@octokit/core@npm:3.1.2"
  dependencies:
    "@octokit/auth-token": ^2.4.0
    "@octokit/graphql": ^4.3.1
    "@octokit/request": ^5.4.0
    "@octokit/types": ^5.0.0
    before-after-hook: ^2.1.0
    universal-user-agent: ^6.0.0
  checksum: 7ab04fb132feeeec996fed02bf46eb6b5952672f343e65b90805462fadedafd1847148688483f5c7d66f31a29582b74e6133de2850a9c65d7aee05a4c9ad305f
  languageName: node
  linkType: hard

"@octokit/endpoint@npm:^6.0.1":
  version: 6.0.5
  resolution: "@octokit/endpoint@npm:6.0.5"
  dependencies:
    "@octokit/types": ^5.0.0
    is-plain-object: ^4.0.0
    universal-user-agent: ^6.0.0
  checksum: 2d637ef3a338509d899c08d10074f9313e0fe6ebde39ed390eb10c5aa6da19dee22fcaf4235da4726e8a3a1244744b3d2c4900890d15aefe7cf4a945900c43dc
  languageName: node
  linkType: hard

"@octokit/graphql@npm:^4.3.1":
  version: 4.5.3
  resolution: "@octokit/graphql@npm:4.5.3"
  dependencies:
    "@octokit/request": ^5.3.0
    "@octokit/types": ^5.0.0
    universal-user-agent: ^6.0.0
  checksum: b6af2fdd881de3136bf6937e0a0500c71bcaef0a6abba3ddb896af47f170798624115f967ac75ebfddd915142c749e015688a01f26b4f3df947c5bf9570c3667
  languageName: node
  linkType: hard

"@octokit/plugin-paginate-rest@npm:^2.2.3":
  version: 2.3.0
  resolution: "@octokit/plugin-paginate-rest@npm:2.3.0"
  dependencies:
    "@octokit/types": ^5.2.0
  checksum: 3df28decd7af1c23fb1876ddc988f4c1a386febe1586a7b64d8c8334b3240de4ca4152074bfe83e8517c59d57a574fa3f39326c3ecf029a3f3411f08d576186a
  languageName: node
  linkType: hard

"@octokit/plugin-rest-endpoint-methods@npm:^4.0.0":
  version: 4.1.2
  resolution: "@octokit/plugin-rest-endpoint-methods@npm:4.1.2"
  dependencies:
    "@octokit/types": ^5.1.1
    deprecation: ^2.3.1
  checksum: 1e7f36162a166dd344c61c538668e8bc3ad85e5a3c26e7147b9f2f9b637c0f85ed4fb77c97e7e11158358071ceeb374cb67a309b4f93effaf38a626eeae87f07
  languageName: node
  linkType: hard

"@octokit/request-error@npm:^2.0.0":
  version: 2.0.2
  resolution: "@octokit/request-error@npm:2.0.2"
  dependencies:
    "@octokit/types": ^5.0.1
    deprecation: ^2.0.0
    once: ^1.4.0
  checksum: 3ba45b317978025ae5e1afcdd288276e00c199088df7f6b21d0d954ff6f14419057aa5fdd0fd38a8cc2b1335ce41f1937ada3a67cd262af0d9cabcde265f2969
  languageName: node
  linkType: hard

"@octokit/request@npm:^5.3.0, @octokit/request@npm:^5.4.0":
  version: 5.4.7
  resolution: "@octokit/request@npm:5.4.7"
  dependencies:
    "@octokit/endpoint": ^6.0.1
    "@octokit/request-error": ^2.0.0
    "@octokit/types": ^5.0.0
    deprecation: ^2.0.0
    is-plain-object: ^4.0.0
    node-fetch: ^2.3.0
    once: ^1.4.0
    universal-user-agent: ^6.0.0
  checksum: 1f4e8b49f6d8fa2e37ffa04900cc2571a4d77760869dc3d5cae26786e503ae2d507de81fabb031743e8ea3bc391a62be1fc558b1c23c81c77ad76acf7ee83169
  languageName: node
  linkType: hard

"@octokit/types@npm:^5.0.0, @octokit/types@npm:^5.0.1, @octokit/types@npm:^5.1.1, @octokit/types@npm:^5.2.0":
  version: 5.2.1
  resolution: "@octokit/types@npm:5.2.1"
  dependencies:
    "@types/node": ">= 8"
  checksum: 3730283e83eebefcb2e85187b553d1a59b5077afe7b147c808a7763c03daf218538dc44b69223f75f92451c28209c87a15be1fa838d60c1b9bede215c85ac5c8
  languageName: node
  linkType: hard

"@types/node@npm:>= 8, @types/node@npm:^14.0.27":
  version: 14.0.27
  resolution: "@types/node@npm:14.0.27"
  checksum: 54ecf408eb94f44685e12ef395d8d9d5789cb9e209f171153b6b951272af6b8da099778d09d66454aa5d35ce246f3922ebd7476ed768bf3bd4267306c12a6703
  languageName: node
  linkType: hard

"before-after-hook@npm:^2.1.0":
  version: 2.1.0
  resolution: "before-after-hook@npm:2.1.0"
  checksum: 4df7ef0992ef7c5d8689a50bba12349789ab6da12203cd92c78dd5eb22e725694fd3602cff15ab85285a744c5d6106f3fbdc203f0cb6262cd3bebe42a763c3fd
  languageName: node
  linkType: hard

"deprecation@npm:^2.0.0, deprecation@npm:^2.3.1":
  version: 2.3.1
  resolution: "deprecation@npm:2.3.1"
  checksum: 59343a0b927c5b6f67abb899fda68bf42b132c05ef1a985952c1e220c41fe5035b2d54a28c7c2a8b5239075d1dc25c83340242ada75f1c06c1bb047176f05f9b
  languageName: node
  linkType: hard

"is-plain-object@npm:^4.0.0":
  version: 4.1.1
  resolution: "is-plain-object@npm:4.1.1"
  checksum: c63fb5bf602956ab72ca6accb0d005e8bdc5edea68fb53461c9ebbfc9ce365a339a61f2c94f6a889b66c852c91232c652cc01cb81740d2d2b7f23a92ce46e479
  languageName: node
  linkType: hard

"node-fetch@npm:^2.3.0":
  version: 2.6.0
  resolution: "node-fetch@npm:2.6.0"
  checksum: dd9f586a9f7ddb7dd94d2aba9cb693d32f5001e9850098512fbc8a4cbdd56838afa08ed0a6725b9fce9b01ec12b713e622cbfc16d92762d8b937b238330a632a
  languageName: node
  linkType: hard

"once@npm:^1.4.0":
  version: 1.4.0
  resolution: "once@npm:1.4.0"
  dependencies:
    wrappy: 1
  checksum: 57afc246536cf6494437f982b26475f22bee860f8b77ce8eb1543f42a8bffe04b2c66ddfea9a16cb25ccb80943f8ee4fc639367ef97b7a6a4f2672eb573963f5
  languageName: node
  linkType: hard

"paginate-repro@workspace:.":
  version: 0.0.0-use.local
  resolution: "paginate-repro@workspace:."
  dependencies:
    "@actions/github": ^4.0.0
    "@types/node": ^14.0.27
    typescript: ^3.9.7
  languageName: unknown
  linkType: soft

"tunnel@npm:0.0.6":
  version: 0.0.6
  resolution: "tunnel@npm:0.0.6"
  checksum: 78fbb1a55a44fc8de6a497923bf7bf6e7b14b396e0ddaf11fe624ab7f646a0d2ada03f6dcb4a80940faed9649e30d229114f218e8906badd12ded2323a6f666b
  languageName: node
  linkType: hard

typescript@^3.9.7:
  version: 3.9.7
  resolution: "typescript@npm:3.9.7"
  bin:
    tsc: bin/tsc
    tsserver: bin/tsserver
  checksum: 10848a9c35fd8c70a8792b8bd9485317534bcd58768793d3b7d9c7486e9fd30cf345f83fa2a324e0bf6088bc8a4d8d061d58fda38b18c2ff187cf01fbbff6267
  languageName: node
  linkType: hard

"typescript@patch:typescript@^3.9.7#builtin<compat/typescript>":
  version: 3.9.7
  resolution: "typescript@patch:typescript@npm%3A3.9.7#builtin<compat/typescript>::version=3.9.7&hash=5b02a2"
  bin:
    tsc: bin/tsc
    tsserver: bin/tsserver
  checksum: f0d3d9c987860c7c458229ab6dd7e3d322405db36b70abccba610b5efd9f9451e4e67a3fc7983c0d3741033c1f1a8d7aa859a1510caa8f20fad762fc39648bfa
  languageName: node
  linkType: hard

"universal-user-agent@npm:^6.0.0":
  version: 6.0.0
  resolution: "universal-user-agent@npm:6.0.0"
  checksum: 725797ab636f1786a824f805eca2b227019ae8e82fdbe03e3e26a7f2917669bfcf7ef723c7d4b2c60a5e1603108d32bec3987b4f52821360523cb609fb7ae782
  languageName: node
  linkType: hard

"wrappy@npm:1":
  version: 1.0.2
  resolution: "wrappy@npm:1.0.2"
  checksum: 519fcda0fcdf0c16327be2de9d98646742307bc830277e8868529fcf7566f2b330a6453c233e0cdcb767d5838dd61a90984a02ecc983bcddebea5ad0833bbf98
  languageName: node
  linkType: hard
